
Microsoft Visual Studio Solution File, Format Version 12.00
# Visual Studio Version 16
VisualStudioVersion = 16.0.31313.79
MinimumVisualStudioVersion = 10.0.40219.1
Project("{FAE04EC0-301F-11D3-BF4B-00C04F79EFBC}") = "RosaTiara_UAS1", "RosaTiara_UAS1\RosaTiara_UAS1.csproj", "{3922FA81-253A-4CB0-B0BA-D00DBE8D0D4E}"
EndProject
Global
	GlobalSection(SolutionConfigurationPlatforms) = preSolution
		Debug|Any CPU = Debug|Any CPU
		Release|Any CPU = Release|Any CPU
	EndGlobalSection
	GlobalSection(ProjectConfigurationPlatforms) = postSolution
		{3922FA81-253A-4CB0-B0BA-D00DBE8D0D4E}.Debug|Any CPU.ActiveCfg = Debug|Any CPU
		{3922FA81-253A-4CB0-B0BA-D00DBE8D0D4E}.Debug|Any CPU.Build.0 = Debug|Any CPU
		{3922FA81-253A-4CB0-B0BA-D00DBE8D0D4E}.Release|Any CPU.ActiveCfg = Release|Any CPU
		{3922FA81-253A-4CB0-B0BA-D00DBE8D0D4E}.Release|Any CPU.Build.0 = Release|Any CPU
	EndGlobalSection
	GlobalSection(SolutionProperties) = preSolution
		HideSolutionNode = FALSE
	EndGlobalSection
	GlobalSection(ExtensibilityGlobals) = postSolution
		SolutionGuid = {0C0446D5-C531-4B7B-A680-E7C7A1D622D1}
	EndGlobalSection
EndGlobal
